
Microsoft Visual Studio Solution File, Format Version 12.00
# Visual Studio Version 16
VisualStudioVersion = 16.0.30114.105
MinimumVisualStudioVersion = 10.0.40219.1
Project("{FAE04EC0-301F-11D3-BF4B-00C04F79EFBC}") = "kafka-plugin", "kafka-plugin\kafka-plugin.csproj", "{E1B52D0F-23BE-495F-9C6A-6527CFF654E5}"
EndProject
Project("{FAE04EC0-301F-11D3-BF4B-00C04F79EFBC}") = "kafka-plugin-client", "kafka-plugin-client\kafka-plugin-client.csproj", "{B84B5D5C-BC7C-402A-B841-271A922BF111}"
EndProject
Global
	GlobalSection(SolutionConfigurationPlatforms) = preSolution
		Debug|Any CPU = Debug|Any CPU
		Release|Any CPU = Release|Any CPU
	EndGlobalSection
	GlobalSection(SolutionProperties) = preSolution
		HideSolutionNode = FALSE
	EndGlobalSection
	GlobalSection(ProjectConfigurationPlatforms) = postSolution
		{E1B52D0F-23BE-495F-9C6A-6527CFF654E5}.Debug|Any CPU.ActiveCfg = Debug|Any CPU
		{E1B52D0F-23BE-495F-9C6A-6527CFF654E5}.Debug|Any CPU.Build.0 = Debug|Any CPU
		{E1B52D0F-23BE-495F-9C6A-6527CFF654E5}.Release|Any CPU.ActiveCfg = Release|Any CPU
		{E1B52D0F-23BE-495F-9C6A-6527CFF654E5}.Release|Any CPU.Build.0 = Release|Any CPU
		{B84B5D5C-BC7C-402A-B841-271A922BF111}.Debug|Any CPU.ActiveCfg = Debug|Any CPU
		{B84B5D5C-BC7C-402A-B841-271A922BF111}.Debug|Any CPU.Build.0 = Debug|Any CPU
		{B84B5D5C-BC7C-402A-B841-271A922BF111}.Release|Any CPU.ActiveCfg = Release|Any CPU
		{B84B5D5C-BC7C-402A-B841-271A922BF111}.Release|Any CPU.Build.0 = Release|Any CPU
	EndGlobalSection
EndGlobal
